// !$*UTF8*$!
{
	archiveVersion = 1;
	classes = {
	};
	objectVersion = 50;
	objects = {

/* Begin PBXBuildFile section */
		7209DFB3273D72CB00AF8BDB /* GlobantAppApp.swift in Sources */ = {isa = PBXBuildFile; fileRef = 7209DFB2273D72CB00AF8BDB /* GlobantAppApp.swift */; };
		7209DFB5273D72CB00AF8BDB /* ContentView.swift in Sources */ = {isa = PBXBuildFile; fileRef = 7209DFB4273D72CB00AF8BDB /* ContentView.swift */; };
		7209DFB7273D72CD00AF8BDB /* Assets.xcassets in Resources */ = {isa = PBXBuildFile; fileRef = 7209DFB6273D72CD00AF8BDB /* Assets.xcassets */; };
		7209DFBA273D72CD00AF8BDB /* Preview Assets.xcassets in Resources */ = {isa = PBXBuildFile; fileRef = 7209DFB9273D72CD00AF8BDB /* Preview Assets.xcassets */; };
		7209DFC5273D72CE00AF8BDB /* GlobantAppTests.swift in Sources */ = {isa = PBXBuildFile; fileRef = 7209DFC4273D72CE00AF8BDB /* GlobantAppTests.swift */; };
		7209DFD0273D72CE00AF8BDB /* GlobantAppUITests.swift in Sources */ = {isa = PBXBuildFile; fileRef = 7209DFCF273D72CE00AF8BDB /* GlobantAppUITests.swift */; };
/* End PBXBuildFile section */

/* Begin PBXContainerItemProxy section */
		7209DFC1273D72CE00AF8BDB /* PBXContainerItemProxy */ = {
			isa = PBXContainerItemProxy;
			containerPortal = 7209DFA7273D72CB00AF8BDB /* Project object */;
			proxyType = 1;
			remoteGlobalIDString = 7209DFAE273D72CB00AF8BDB;
			remoteInfo = GlobantApp;
		};
		7209DFCC273D72CE00AF8BDB /* PBXContainerItemProxy */ = {
			isa = PBXContainerItemProxy;
			containerPortal = 7209DFA7273D72CB00AF8BDB /* Project object */;
			proxyType = 1;
			remoteGlobalIDString = 7209DFAE273D72CB00AF8BDB;
			remoteInfo = GlobantApp;
		};
/* End PBXContainerItemProxy section */

/* Begin PBXFileReference section */
		7209DFAF273D72CB00AF8BDB /* GlobantApp.app */ = {isa = PBXFileReference; explicitFileType = wrapper.application; includeInIndex = 0; path = GlobantApp.app; sourceTree = BUILT_PRODUCTS_DIR; };
		7209DFB2273D72CB00AF8BDB /* GlobantAppApp.swift */ = {isa = PBXFileReference; lastKnownFileType = sourcecode.swift; path = GlobantAppApp.swift; sourceTree = "<group>"; };
		7209DFB4273D72CB00AF8BDB /* ContentView.swift */ = {isa = PBXFileReference; lastKnownFileType = sourcecode.swift; path = ContentView.swift; sourceTree = "<group>"; };
		7209DFB6273D72CD00AF8BDB /* Assets.xcassets */ = {isa = PBXFileReference; lastKnownFileType = folder.assetcatalog; path = Assets.xcassets; sourceTree = "<group>"; };
		7209DFB9273D72CD00AF8BDB /* Preview Assets.xcassets */ = {isa = PBXFileReference; lastKnownFileType = folder.assetcatalog; path = "Preview Assets.xcassets"; sourceTree = "<group>"; };
		7209DFBB273D72CD00AF8BDB /* Info.plist */ = {isa = PBXFileReference; lastKnownFileType = text.plist.xml; path = Info.plist; sourceTree = "<group>"; };
		7209DFC0273D72CE00AF8BDB /* GlobantAppTests.xctest */ = {isa = PBXFileReference; explicitFileType = wrapper.cfbundle; includeInIndex = 0; path = GlobantAppTests.xctest; sourceTree = BUILT_PRODUCTS_DIR; };
		7209DFC4273D72CE00AF8BDB /* GlobantAppTests.swift */ = {isa = PBXFileReference; lastKnownFileType = sourcecode.swift; path = GlobantAppTests.swift; sourceTree = "<group>"; };
		7209DFC6273D72CE00AF8BDB /* Info.plist */ = {isa = PBXFileReference; lastKnownFileType = text.plist.xml; path = Info.plist; sourceTree = "<group>"; };
		7209DFCB273D72CE00AF8BDB /* GlobantAppUITests.xctest */ = {isa = PBXFileReference; explicitFileType = wrapper.cfbundle; includeInIndex = 0; path = GlobantAppUITests.xctest; sourceTree = BUILT_PRODUCTS_DIR; };
		7209DFCF273D72CE00AF8BDB /* GlobantAppUITests.swift */ = {isa = PBXFileReference; lastKnownFileType = sourcecode.swift; path = GlobantAppUITests.swift; sourceTree = "<group>"; };
		7209DFD1273D72CE00AF8BDB /* Info.plist */ = {isa = PBXFileReference; lastKnownFileType = text.plist.xml; path = Info.plist; sourceTree = "<group>"; };
/* End PBXFileReference section */

/* Begin PBXFrameworksBuildPhase section */
		7209DFAC273D72CB00AF8BDB /* Frameworks */ = {
			isa = PBXFrameworksBuildPhase;
			buildActionMask = 2147483647;
			files = (
			);
			runOnlyForDeploymentPostprocessing = 0;
		};
		7209DFBD273D72CE00AF8BDB /* Frameworks */ = {
			isa = PBXFrameworksBuildPhase;
			buildActionMask = 2147483647;
			files = (
			);
			runOnlyForDeploymentPostprocessing = 0;
		};
		7209DFC8273D72CE00AF8BDB /* Frameworks */ = {
			isa = PBXFrameworksBuildPhase;
			buildActionMask = 2147483647;
			files = (
			);
			runOnlyForDeploymentPostprocessing = 0;
		};
/* End PBXFrameworksBuildPhase section */

/* Begin PBXGroup section */
		7209DFA6273D72CB00AF8BDB = {
			isa = PBXGroup;
			children = (
				7209DFB1273D72CB00AF8BDB /* GlobantApp */,
				7209DFC3273D72CE00AF8BDB /* GlobantAppTests */,
				7209DFCE273D72CE00AF8BDB /* GlobantAppUITests */,
				7209DFB0273D72CB00AF8BDB /* Products */,
			);
			sourceTree = "<group>";
		};
		7209DFB0273D72CB00AF8BDB /* Products */ = {
			isa = PBXGroup;
			children = (
				7209DFAF273D72CB00AF8BDB /* GlobantApp.app */,
				7209DFC0273D72CE00AF8BDB /* GlobantAppTests.xctest */,
				7209DFCB273D72CE00AF8BDB /* GlobantAppUITests.xctest */,
			);
			name = Products;
			sourceTree = "<group>";
		};
		7209DFB1273D72CB00AF8BDB /* GlobantApp */ = {
			isa = PBXGroup;
			children = (
				7209DFB2273D72CB00AF8BDB /* GlobantAppApp.swift */,
				7209DFB4273D72CB00AF8BDB /* ContentView.swift */,
				7209DFB6273D72CD00AF8BDB /* Assets.xcassets */,
				7209DFBB273D72CD00AF8BDB /* Info.plist */,
				7209DFB8273D72CD00AF8BDB /* Preview Content */,
			);
			path = GlobantApp;
			sourceTree = "<group>";
		};
		7209DFB8273D72CD00AF8BDB /* Preview Content */ = {
			isa = PBXGroup;
			children = (
				7209DFB9273D72CD00AF8BDB /* Preview Assets.xcassets */,
			);
			path = "Preview Content";
			sourceTree = "<group>";
		};
		7209DFC3273D72CE00AF8BDB /* GlobantAppTests */ = {
			isa = PBXGroup;
			children = (
				7209DFC4273D72CE00AF8BDB /* GlobantAppTests.swift */,
				7209DFC6273D72CE00AF8BDB /* Info.plist */,
			);
			path = GlobantAppTests;
			sourceTree = "<group>";
		};
		7209DFCE273D72CE00AF8BDB /* GlobantAppUITests */ = {
			isa = PBXGroup;
			children = (
				7209DFCF273D72CE00AF8BDB /* GlobantAppUITests.swift */,
				7209DFD1273D72CE00AF8BDB /* Info.plist */,
			);
			path = GlobantAppUITests;
			sourceTree = "<group>";
		};
/* End PBXGroup section */

/* Begin PBXNativeTarget section */
		7209DFAE273D72CB00AF8BDB /* GlobantApp */ = {
			isa = PBXNativeTarget;
			buildConfigurationList = 7209DFD4273D72CE00AF8BDB /* Build configuration list for PBXNativeTarget "GlobantApp" */;
			buildPhases = (
				7209DFAB273D72CB00AF8BDB /* Sources */,
				7209DFAC273D72CB00AF8BDB /* Frameworks */,
				7209DFAD273D72CB00AF8BDB /* Resources */,
			);
			buildRules = (
			);
			dependencies = (
			);
			name = GlobantApp;
			productName = GlobantApp;
			productReference = 7209DFAF273D72CB00AF8BDB /* GlobantApp.app */;
			productType = "com.apple.product-type.application";
		};
		7209DFBF273D72CE00AF8BDB /* GlobantAppTests */ = {
			isa = PBXNativeTarget;
			buildConfigurationList = 7209DFD7273D72CE00AF8BDB /* Build configuration list for PBXNativeTarget "GlobantAppTests" */;
			buildPhases = (
				7209DFBC273D72CE00AF8BDB /* Sources */,
				7209DFBD273D72CE00AF8BDB /* Frameworks */,
				7209DFBE273D72CE00AF8BDB /* Resources */,
			);
			buildRules = (
			);
			dependencies = (
				7209DFC2273D72CE00AF8BDB /* PBXTargetDependency */,
			);
			name = GlobantAppTests;
			productName = GlobantAppTests;
			productReference = 7209DFC0273D72CE00AF8BDB /* GlobantAppTests.xctest */;
			productType = "com.apple.product-type.bundle.unit-test";
		};
		7209DFCA273D72CE00AF8BDB /* GlobantAppUITests */ = {
			isa = PBXNativeTarget;
			buildConfigurationList = 7209DFDA273D72CE00AF8BDB /* Build configuration list for PBXNativeTarget "GlobantAppUITests" */;
			buildPhases = (
				7209DFC7273D72CE00AF8BDB /* Sources */,
				7209DFC8273D72CE00AF8BDB /* Frameworks */,
				7209DFC9273D72CE00AF8BDB /* Resources */,
			);
			buildRules = (
			);
			dependencies = (
				7209DFCD273D72CE00AF8BDB /* PBXTargetDependency */,
			);
			name = GlobantAppUITests;
			productName = GlobantAppUITests;
			productReference = 7209DFCB273D72CE00AF8BDB /* GlobantAppUITests.xctest */;
			productType = "com.apple.product-type.bundle.ui-testing";
		};
/* End PBXNativeTarget section */

/* Begin PBXProject section */
		7209DFA7273D72CB00AF8BDB /* Project object */ = {
			isa = PBXProject;
			attributes = {
				LastSwiftUpdateCheck = 1250;
				LastUpgradeCheck = 1250;
				TargetAttributes = {
					7209DFAE273D72CB00AF8BDB = {
						CreatedOnToolsVersion = 12.5.1;
					};
					7209DFBF273D72CE00AF8BDB = {
						CreatedOnToolsVersion = 12.5.1;
						TestTargetID = 7209DFAE273D72CB00AF8BDB;
					};
					7209DFCA273D72CE00AF8BDB = {
						CreatedOnToolsVersion = 12.5.1;
						TestTargetID = 7209DFAE273D72CB00AF8BDB;
					};
				};
			};
			buildConfigurationList = 7209DFAA273D72CB00AF8BDB /* Build configuration list for PBXProject "GlobantApp" */;
			compatibilityVersion = "Xcode 9.3";
			developmentRegion = en;
			hasScannedForEncodings = 0;
			knownRegions = (
				en,
				Base,
			);
			mainGroup = 7209DFA6273D72CB00AF8BDB;
			productRefGroup = 7209DFB0273D72CB00AF8BDB /* Products */;
			projectDirPath = "";
			projectRoot = "";
			targets = (
				7209DFAE273D72CB00AF8BDB /* GlobantApp */,
				7209DFBF273D72CE00AF8BDB /* GlobantAppTests */,
				7209DFCA273D72CE00AF8BDB /* GlobantAppUITests */,
			);
		};
/* End PBXProject section */

/* Begin PBXResourcesBuildPhase section */
		7209DFAD273D72CB00AF8BDB /* Resources */ = {
			isa = PBXResourcesBuildPhase;
			buildActionMask = 2147483647;
			files = (
				7209DFBA273D72CD00AF8BDB /* Preview Assets.xcassets in Resources */,
				7209DFB7273D72CD00AF8BDB /* Assets.xcassets in Resources */,
			);
			runOnlyForDeploymentPostprocessing = 0;
		};
		7209DFBE273D72CE00AF8BDB /* Resources */ = {
			isa = PBXResourcesBuildPhase;
			buildActionMask = 2147483647;
			files = (
			);
			runOnlyForDeploymentPostprocessing = 0;
		};
		7209DFC9273D72CE00AF8BDB /* Resources */ = {
			isa = PBXResourcesBuildPhase;
			buildActionMask = 2147483647;
			files = (
			);
			runOnlyForDeploymentPostprocessing = 0;
		};
/* End PBXResourcesBuildPhase section */

/* Begin PBXSourcesBuildPhase section */
		7209DFAB273D72CB00AF8BDB /* Sources */ = {
			isa = PBXSourcesBuildPhase;
			buildActionMask = 2147483647;
			files = (
				7209DFB5273D72CB00AF8BDB /* ContentView.swift in Sources */,
				7209DFB3273D72CB00AF8BDB /* GlobantAppApp.swift in Sources */,
			);
			runOnlyForDeploymentPostprocessing = 0;
		};
		7209DFBC273D72CE00AF8BDB /* Sources */ = {
			isa = PBXSourcesBuildPhase;
			buildActionMask = 2147483647;
			files = (
				7209DFC5273D72CE00AF8BDB /* GlobantAppTests.swift in Sources */,
			);
			runOnlyForDeploymentPostprocessing = 0;
		};
		7209DFC7273D72CE00AF8BDB /* Sources */ = {
			isa = PBXSourcesBuildPhase;
			buildActionMask = 2147483647;
			files = (
				7209DFD0273D72CE00AF8BDB /* GlobantAppUITests.swift in Sources */,
			);
			runOnlyForDeploymentPostprocessing = 0;
		};
/* End PBXSourcesBuildPhase section */

/* Begin PBXTargetDependency section */
		7209DFC2273D72CE00AF8BDB /* PBXTargetDependency */ = {
			isa = PBXTargetDependency;
			target = 7209DFAE273D72CB00AF8BDB /* GlobantApp */;
			targetProxy = 7209DFC1273D72CE00AF8BDB /* PBXContainerItemProxy */;
		};
		7209DFCD273D72CE00AF8BDB /* PBXTargetDependency */ = {
			isa = PBXTargetDependency;
			target = 7209DFAE273D72CB00AF8BDB /* GlobantApp */;
			targetProxy = 7209DFCC273D72CE00AF8BDB /* PBXContainerItemProxy */;
		};
/* End PBXTargetDependency section */

/* Begin XCBuildConfiguration section */
		7209DFD2273D72CE00AF8BDB /* Debug */ = {
			isa = XCBuildConfiguration;
			buildSettings = {
				ALWAYS_SEARCH_USER_PATHS = NO;
				CLANG_ANALYZER_NONNULL = YES;
				CLANG_ANALYZER_NUMBER_OBJECT_CONVERSION = YES_AGGRESSIVE;
				CLANG_CXX_LANGUAGE_STANDARD = "gnu++14";
				CLANG_CXX_LIBRARY = "libc++";
				CLANG_ENABLE_MODULES = YES;
				CLANG_ENABLE_OBJC_ARC = YES;
				CLANG_ENABLE_OBJC_WEAK = YES;
				CLANG_WARN_BLOCK_CAPTURE_AUTORELEASING = YES;
				CLANG_WARN_BOOL_CONVERSION = YES;
				CLANG_WARN_COMMA = YES;
				CLANG_WARN_CONSTANT_CONVERSION = YES;
				CLANG_WARN_DEPRECATED_OBJC_IMPLEMENTATIONS = YES;
				CLANG_WARN_DIRECT_OBJC_ISA_USAGE = YES_ERROR;
				CLANG_WARN_DOCUMENTATION_COMMENTS = YES;
				CLANG_WARN_EMPTY_BODY = YES;
				CLANG_WARN_ENUM_CONVERSION = YES;
				CLANG_WARN_INFINITE_RECURSION = YES;
				CLANG_WARN_INT_CONVERSION = YES;
				CLANG_WARN_NON_LITERAL_NULL_CONVERSION = YES;
				CLANG_WARN_OBJC_IMPLICIT_RETAIN_SELF = YES;
				CLANG_WARN_OBJC_LITERAL_CONVERSION = YES;
				CLANG_WARN_OBJC_ROOT_CLASS = YES_ERROR;
				CLANG_WARN_QUOTED_INCLUDE_IN_FRAMEWORK_HEADER = YES;
				CLANG_WARN_RANGE_LOOP_ANALYSIS = YES;
				CLANG_WARN_STRICT_PROTOTYPES = YES;
				CLANG_WARN_SUSPICIOUS_MOVE = YES;
				CLANG_WARN_UNGUARDED_AVAILABILITY = YES_AGGRESSIVE;
				CLANG_WARN_UNREACHABLE_CODE = YES;
				CLANG_WARN__DUPLICATE_METHOD_MATCH = YES;
				COPY_PHASE_STRIP = NO;
				DEBUG_INFORMATION_FORMAT = dwarf;
				ENABLE_STRICT_OBJC_MSGSEND = YES;
				ENABLE_TESTABILITY = YES;
				GCC_C_LANGUAGE_STANDARD = gnu11;
				GCC_DYNAMIC_NO_PIC = NO;
				GCC_NO_COMMON_BLOCKS = YES;
				GCC_OPTIMIZATION_LEVEL = 0;
				GCC_PREPROCESSOR_DEFINITIONS = (
					"DEBUG=1",
					"$(inherited)",
				);
				GCC_WARN_64_TO_32_BIT_CONVERSION = YES;
				GCC_WARN_ABOUT_RETURN_TYPE = YES_ERROR;
				GCC_WARN_UNDECLARED_SELECTOR = YES;
				GCC_WARN_UNINITIALIZED_AUTOS = YES_AGGRESSIVE;
				GCC_WARN_UNUSED_FUNCTION = YES;
				GCC_WARN_UNUSED_VARIABLE = YES;
				IPHONEOS_DEPLOYMENT_TARGET = 14.5;
				MTL_ENABLE_DEBUG_INFO = INCLUDE_SOURCE;
				MTL_FAST_MATH = YES;
				ONLY_ACTIVE_ARCH = YES;
				SDKROOT = iphoneos;
				SWIFT_ACTIVE_COMPILATION_CONDITIONS = DEBUG;
				SWIFT_OPTIMIZATION_LEVEL = "-Onone";
			};
			name = Debug;
		};
		7209DFD3273D72CE00AF8BDB /* Release */ = {
			isa = XCBuildConfiguration;
			buildSettings = {
				ALWAYS_SEARCH_USER_PATHS = NO;
				CLANG_ANALYZER_NONNULL = YES;
				CLANG_ANALYZER_NUMBER_OBJECT_CONVERSION = YES_AGGRESSIVE;
				CLANG_CXX_LANGUAGE_STANDARD = "gnu++14";
				CLANG_CXX_LIBRARY = "libc++";
				CLANG_ENABLE_MODULES = YES;
				CLANG_ENABLE_OBJC_ARC = YES;
				CLANG_ENABLE_OBJC_WEAK = YES;
				CLANG_WARN_BLOCK_CAPTURE_AUTORELEASING = YES;
				CLANG_WARN_BOOL_CONVERSION = YES;
				CLANG_WARN_COMMA = YES;
				CLANG_WARN_CONSTANT_CONVERSION = YES;
				CLANG_WARN_DEPRECATED_OBJC_IMPLEMENTATIONS = YES;
				CLANG_WARN_DIRECT_OBJC_ISA_USAGE = YES_ERROR;
				CLANG_WARN_DOCUMENTATION_COMMENTS = YES;
				CLANG_WARN_EMPTY_BODY = YES;
				CLANG_WARN_ENUM_CONVERSION = YES;
				CLANG_WARN_INFINITE_RECURSION = YES;
				CLANG_WARN_INT_CONVERSION = YES;
				CLANG_WARN_NON_LITERAL_NULL_CONVERSION = YES;
				CLANG_WARN_OBJC_IMPLICIT_RETAIN_SELF = YES;
				CLANG_WARN_OBJC_LITERAL_CONVERSION = YES;
				CLANG_WARN_OBJC_ROOT_CLASS = YES_ERROR;
				CLANG_WARN_QUOTED_INCLUDE_IN_FRAMEWORK_HEADER = YES;
				CLANG_WARN_RANGE_LOOP_ANALYSIS = YES;
				CLANG_WARN_STRICT_PROTOTYPES = YES;
				CLANG_WARN_SUSPICIOUS_MOVE = YES;
				CLANG_WARN_UNGUARDED_AVAILABILITY = YES_AGGRESSIVE;
				CLANG_WARN_UNREACHABLE_CODE = YES;
				CLANG_WARN__DUPLICATE_METHOD_MATCH = YES;
				COPY_PHASE_STRIP = NO;
				DEBUG_INFORMATION_FORMAT = "dwarf-with-dsym";
				ENABLE_NS_ASSERTIONS = NO;
				ENABLE_STRICT_OBJC_MSGSEND = YES;
				GCC_C_LANGUAGE_STANDARD = gnu11;
				GCC_NO_COMMON_BLOCKS = YES;
				GCC_WARN_64_TO_32_BIT_CONVERSION = YES;
				GCC_WARN_ABOUT_RETURN_TYPE = YES_ERROR;
				GCC_WARN_UNDECLARED_SELECTOR = YES;
				GCC_WARN_UNINITIALIZED_AUTOS = YES_AGGRESSIVE;
				GCC_WARN_UNUSED_FUNCTION = YES;
				GCC_WARN_UNUSED_VARIABLE = YES;
				IPHONEOS_DEPLOYMENT_TARGET = 14.5;
				MTL_ENABLE_DEBUG_INFO = NO;
				MTL_FAST_MATH = YES;
				SDKROOT = iphoneos;
				SWIFT_COMPILATION_MODE = wholemodule;
				SWIFT_OPTIMIZATION_LEVEL = "-O";
				VALIDATE_PRODUCT = YES;
			};
			name = Release;
		};
		7209DFD5273D72CE00AF8BDB /* Debug */ = {
			isa = XCBuildConfiguration;
			buildSettings = {
				ASSETCATALOG_COMPILER_APPICON_NAME = AppIcon;
				ASSETCATALOG_COMPILER_GLOBAL_ACCENT_COLOR_NAME = AccentColor;
				CODE_SIGN_STYLE = Automatic;
				DEVELOPMENT_ASSET_PATHS = "\"GlobantApp/Preview Content\"";
				ENABLE_PREVIEWS = YES;
				INFOPLIST_FILE = GlobantApp/Info.plist;
				IPHONEOS_DEPLOYMENT_TARGET = 14.0;
				LD_RUNPATH_SEARCH_PATHS = (
					"$(inherited)",
					"@executable_path/Frameworks",
				);
				PRODUCT_BUNDLE_IDENTIFIER = AndrewVeran.GlobantApp;
				PRODUCT_NAME = "$(TARGET_NAME)";
				SWIFT_VERSION = 5.0;
				TARGETED_DEVICE_FAMILY = "1,2";
			};
			name = Debug;
		};
		7209DFD6273D72CE00AF8BDB /* Release */ = {
			isa = XCBuildConfiguration;
			buildSettings = {
				ASSETCATALOG_COMPILER_APPICON_NAME = AppIcon;
				ASSETCATALOG_COMPILER_GLOBAL_ACCENT_COLOR_NAME = AccentColor;
				CODE_SIGN_STYLE = Automatic;
				DEVELOPMENT_ASSET_PATHS = "\"GlobantApp/Preview Content\"";
				ENABLE_PREVIEWS = YES;
				INFOPLIST_FILE = GlobantApp/Info.plist;
				IPHONEOS_DEPLOYMENT_TARGET = 14.0;
				LD_RUNPATH_SEARCH_PATHS = (
					"$(inherited)",
					"@executable_path/Frameworks",
				);
				PRODUCT_BUNDLE_IDENTIFIER = AndrewVeran.GlobantApp;
				PRODUCT_NAME = "$(TARGET_NAME)";
				SWIFT_VERSION = 5.0;
				TARGETED_DEVICE_FAMILY = "1,2";
			};
			name = Release;
		};
		7209DFD8273D72CE00AF8BDB /* Debug */ = {
			isa = XCBuildConfiguration;
			buildSettings = {
				ALWAYS_EMBED_SWIFT_STANDARD_LIBRARIES = YES;
				BUNDLE_LOADER = "$(TEST_HOST)";
				CODE_SIGN_STYLE = Automatic;
				INFOPLIST_FILE = GlobantAppTests/Info.plist;
				IPHONEOS_DEPLOYMENT_TARGET = 14.0;
				LD_RUNPATH_SEARCH_PATHS = (
					"$(inherited)",
					"@executable_path/Frameworks",
					"@loader_path/Frameworks",
				);
				PRODUCT_BUNDLE_IDENTIFIER = AndrewVeran.GlobantAppTests;
				PRODUCT_NAME = "$(TARGET_NAME)";
				SWIFT_VERSION = 5.0;
				TARGETED_DEVICE_FAMILY = "1,2";
				TEST_HOST = "$(BUILT_PRODUCTS_DIR)/GlobantApp.app/GlobantApp";
			};
			name = Debug;
		};
		7209DFD9273D72CE00AF8BDB /* Release */ = {
			isa = XCBuildConfiguration;
			buildSettings = {
				ALWAYS_EMBED_SWIFT_STANDARD_LIBRARIES = YES;
				BUNDLE_LOADER = "$(TEST_HOST)";
				CODE_SIGN_STYLE = Automatic;
				INFOPLIST_FILE = GlobantAppTests/Info.plist;
				IPHONEOS_DEPLOYMENT_TARGET = 14.0;
				LD_RUNPATH_SEARCH_PATHS = (
					"$(inherited)",
					"@executable_path/Frameworks",
					"@loader_path/Frameworks",
				);
				PRODUCT_BUNDLE_IDENTIFIER = AndrewVeran.GlobantAppTests;
				PRODUCT_NAME = "$(TARGET_NAME)";
				SWIFT_VERSION = 5.0;
				TARGETED_DEVICE_FAMILY = "1,2";
				TEST_HOST = "$(BUILT_PRODUCTS_DIR)/GlobantApp.app/GlobantApp";
			};
			name = Release;
		};
		7209DFDB273D72CE00AF8BDB /* Debug */ = {
			isa = XCBuildConfiguration;
			buildSettings = {
				ALWAYS_EMBED_SWIFT_STANDARD_LIBRARIES = YES;
				CODE_SIGN_STYLE = Automatic;
				INFOPLIST_FILE = GlobantAppUITests/Info.plist;
				LD_RUNPATH_SEARCH_PATHS = (
					"$(inherited)",
					"@executable_path/Frameworks",
					"@loader_path/Frameworks",
				);
				PRODUCT_BUNDLE_IDENTIFIER = AndrewVeran.GlobantAppUITests;
				PRODUCT_NAME = "$(TARGET_NAME)";
				SWIFT_VERSION = 5.0;
				TARGETED_DEVICE_FAMILY = "1,2";
				TEST_TARGET_NAME = GlobantApp;
			};
			name = Debug;
		};
		7209DFDC273D72CE00AF8BDB /* Release */ = {
			isa = XCBuildConfiguration;
			buildSettings = {
				ALWAYS_EMBED_SWIFT_STANDARD_LIBRARIES = YES;
				CODE_SIGN_STYLE = Automatic;
				INFOPLIST_FILE = GlobantAppUITests/Info.plist;
				LD_RUNPATH_SEARCH_PATHS = (
					"$(inherited)",
					"@executable_path/Frameworks",
					"@loader_path/Frameworks",
				);
				PRODUCT_BUNDLE_IDENTIFIER = AndrewVeran.GlobantAppUITests;
				PRODUCT_NAME = "$(TARGET_NAME)";
				SWIFT_VERSION = 5.0;
				TARGETED_DEVICE_FAMILY = "1,2";
				TEST_TARGET_NAME = GlobantApp;
			};
			name = Release;
		};
/* End XCBuildConfiguration section */

/* Begin XCConfigurationList section */
		7209DFAA273D72CB00AF8BDB /* Build configuration list for PBXProject "GlobantApp" */ = {
			isa = XCConfigurationList;
			buildConfigurations = (
				7209DFD2273D72CE00AF8BDB /* Debug */,
				7209DFD3273D72CE00AF8BDB /* Release */,
			);
			defaultConfigurationIsVisible = 0;
			defaultConfigurationName = Release;
		};
		7209DFD4273D72CE00AF8BDB /* Build configuration list for PBXNativeTarget "GlobantApp" */ = {
			isa = XCConfigurationList;
			buildConfigurations = (
				7209DFD5273D72CE00AF8BDB /* Debug */,
				7209DFD6273D72CE00AF8BDB /* Release */,
			);
			defaultConfigurationIsVisible = 0;
			defaultConfigurationName = Release;
		};
		7209DFD7273D72CE00AF8BDB /* Build configuration list for PBXNativeTarget "GlobantAppTests" */ = {
			isa = XCConfigurationList;
			buildConfigurations = (
				7209DFD8273D72CE00AF8BDB /* Debug */,
				7209DFD9273D72CE00AF8BDB /* Release */,
			);
			defaultConfigurationIsVisible = 0;
			defaultConfigurationName = Release;
		};
		7209DFDA273D72CE00AF8BDB /* Build configuration list for PBXNativeTarget "GlobantAppUITests" */ = {
			isa = XCConfigurationList;
			buildConfigurations = (
				7209DFDB273D72CE00AF8BDB /* Debug */,
				7209DFDC273D72CE00AF8BDB /* Release */,
			);
			defaultConfigurationIsVisible = 0;
			defaultConfigurationName = Release;
		};
/* End XCConfigurationList section */
	};
	rootObject = 7209DFA7273D72CB00AF8BDB /* Project object */;
}
